// !$*UTF8*$!
{
	archiveVersion = 1;
	classes = {
	};
	objectVersion = 46;
	objects = {

/* Begin PBXBuildFile section */
		224047591EAE3A820054B74D /* AppDelegate.swift in Sources */ = {isa = PBXBuildFile; fileRef = 224047581EAE3A820054B74D /* AppDelegate.swift */; };
		2240475B1EAE3A820054B74D /* ViewController.swift in Sources */ = {isa = PBXBuildFile; fileRef = 2240475A1EAE3A820054B74D /* ViewController.swift */; };
		2240475E1EAE3A820054B74D /* Main.storyboard in Resources */ = {isa = PBXBuildFile; fileRef = 2240475C1EAE3A820054B74D /* Main.storyboard */; };
		224047601EAE3A820054B74D /* Assets.xcassets in Resources */ = {isa = PBXBuildFile; fileRef = 2240475F1EAE3A820054B74D /* Assets.xcassets */; };
		224047631EAE3A820054B74D /* LaunchScreen.storyboard in Resources */ = {isa = PBXBuildFile; fileRef = 224047611EAE3A820054B74D /* LaunchScreen.storyboard */; };
		2240476E1EAE3A820054B74D /* fitchainTests.swift in Sources */ = {isa = PBXBuildFile; fileRef = 2240476D1EAE3A820054B74D /* fitchainTests.swift */; };
/* End PBXBuildFile section */

/* Begin PBXContainerItemProxy section */
		2240476A1EAE3A820054B74D /* PBXContainerItemProxy */ = {
			isa = PBXContainerItemProxy;
			containerPortal = 2240474D1EAE3A810054B74D /* Project object */;
			proxyType = 1;
			remoteGlobalIDString = 224047541EAE3A810054B74D;
			remoteInfo = fitchain;
		};
/* End PBXContainerItemProxy section */

/* Begin PBXFileReference section */
		224047551EAE3A820054B74D /* fitchain.app */ = {isa = PBXFileReference; explicitFileType = wrapper.application; includeInIndex = 0; path = fitchain.app; sourceTree = BUILT_PRODUCTS_DIR; };
		224047581EAE3A820054B74D /* AppDelegate.swift */ = {isa = PBXFileReference; lastKnownFileType = sourcecode.swift; path = AppDelegate.swift; sourceTree = "<group>"; };
		2240475A1EAE3A820054B74D /* ViewController.swift */ = {isa = PBXFileReference; lastKnownFileType = sourcecode.swift; path = ViewController.swift; sourceTree = "<group>"; };
		2240475D1EAE3A820054B74D /* Base */ = {isa = PBXFileReference; lastKnownFileType = file.storyboard; name = Base; path = Base.lproj/Main.storyboard; sourceTree = "<group>"; };
		2240475F1EAE3A820054B74D /* Assets.xcassets */ = {isa = PBXFileReference; lastKnownFileType = folder.assetcatalog; path = Assets.xcassets; sourceTree = "<group>"; };
		224047621EAE3A820054B74D /* Base */ = {isa = PBXFileReference; lastKnownFileType = file.storyboard; name = Base; path = Base.lproj/LaunchScreen.storyboard; sourceTree = "<group>"; };
		224047641EAE3A820054B74D /* Info.plist */ = {isa = PBXFileReference; lastKnownFileType = text.plist.xml; path = Info.plist; sourceTree = "<group>"; };
		224047691EAE3A820054B74D /* fitchainTests.xctest */ = {isa = PBXFileReference; explicitFileType = wrapper.cfbundle; includeInIndex = 0; path = fitchainTests.xctest; sourceTree = BUILT_PRODUCTS_DIR; };
		2240476D1EAE3A820054B74D /* fitchainTests.swift */ = {isa = PBXFileReference; lastKnownFileType = sourcecode.swift; path = fitchainTests.swift; sourceTree = "<group>"; };
		2240476F1EAE3A820054B74D /* Info.plist */ = {isa = PBXFileReference; lastKnownFileType = text.plist.xml; path = Info.plist; sourceTree = "<group>"; };
/* End PBXFileReference section */

/* Begin PBXFrameworksBuildPhase section */
		224047521EAE3A810054B74D /* Frameworks */ = {
			isa = PBXFrameworksBuildPhase;
			buildActionMask = 2147483647;
			files = (
			);
			runOnlyForDeploymentPostprocessing = 0;
		};
		224047661EAE3A820054B74D /* Frameworks */ = {
			isa = PBXFrameworksBuildPhase;
			buildActionMask = 2147483647;
			files = (
			);
			runOnlyForDeploymentPostprocessing = 0;
		};
/* End PBXFrameworksBuildPhase section */

/* Begin PBXGroup section */
		2240474C1EAE3A810054B74D = {
			isa = PBXGroup;
			children = (
				224047571EAE3A820054B74D /* fitchain */,
				2240476C1EAE3A820054B74D /* fitchainTests */,
				224047561EAE3A820054B74D /* Products */,
			);
			sourceTree = "<group>";
		};
		224047561EAE3A820054B74D /* Products */ = {
			isa = PBXGroup;
			children = (
				224047551EAE3A820054B74D /* fitchain.app */,
				224047691EAE3A820054B74D /* fitchainTests.xctest */,
			);
			name = Products;
			sourceTree = "<group>";
		};
		224047571EAE3A820054B74D /* fitchain */ = {
			isa = PBXGroup;
			children = (
				224047581EAE3A820054B74D /* AppDelegate.swift */,
				2240475A1EAE3A820054B74D /* ViewController.swift */,
				2240475C1EAE3A820054B74D /* Main.storyboard */,
				2240475F1EAE3A820054B74D /* Assets.xcassets */,
				224047611EAE3A820054B74D /* LaunchScreen.storyboard */,
				224047641EAE3A820054B74D /* Info.plist */,
			);
			path = fitchain;
			sourceTree = "<group>";
		};
		2240476C1EAE3A820054B74D /* fitchainTests */ = {
			isa = PBXGroup;
			children = (
				2240476D1EAE3A820054B74D /* fitchainTests.swift */,
				2240476F1EAE3A820054B74D /* Info.plist */,
			);
			path = fitchainTests;
			sourceTree = "<group>";
		};
/* End PBXGroup section */

/* Begin PBXNativeTarget section */
		224047541EAE3A810054B74D /* fitchain */ = {
			isa = PBXNativeTarget;
			buildConfigurationList = 224047721EAE3A820054B74D /* Build configuration list for PBXNativeTarget "fitchain" */;
			buildPhases = (
				224047511EAE3A810054B74D /* Sources */,
				224047521EAE3A810054B74D /* Frameworks */,
				224047531EAE3A810054B74D /* Resources */,
			);
			buildRules = (
			);
			dependencies = (
			);
			name = fitchain;
			productName = fitchain;
			productReference = 224047551EAE3A820054B74D /* fitchain.app */;
			productType = "com.apple.product-type.application";
		};
		224047681EAE3A820054B74D /* fitchainTests */ = {
			isa = PBXNativeTarget;
			buildConfigurationList = 224047751EAE3A820054B74D /* Build configuration list for PBXNativeTarget "fitchainTests" */;
			buildPhases = (
				224047651EAE3A820054B74D /* Sources */,
				224047661EAE3A820054B74D /* Frameworks */,
				224047671EAE3A820054B74D /* Resources */,
			);
			buildRules = (
			);
			dependencies = (
				2240476B1EAE3A820054B74D /* PBXTargetDependency */,
			);
			name = fitchainTests;
			productName = fitchainTests;
			productReference = 224047691EAE3A820054B74D /* fitchainTests.xctest */;
			productType = "com.apple.product-type.bundle.unit-test";
		};
/* End PBXNativeTarget section */

/* Begin PBXProject section */
		2240474D1EAE3A810054B74D /* Project object */ = {
			isa = PBXProject;
			attributes = {
				LastSwiftUpdateCheck = 0830;
				LastUpgradeCheck = 0830;
				ORGANIZATIONNAME = "Anton McConville";
				TargetAttributes = {
					224047541EAE3A810054B74D = {
						CreatedOnToolsVersion = 8.3.1;
						ProvisioningStyle = Automatic;
					};
					224047681EAE3A820054B74D = {
						CreatedOnToolsVersion = 8.3.1;
						ProvisioningStyle = Automatic;
						TestTargetID = 224047541EAE3A810054B74D;
					};
				};
			};
			buildConfigurationList = 224047501EAE3A810054B74D /* Build configuration list for PBXProject "fitchain" */;
			compatibilityVersion = "Xcode 3.2";
			developmentRegion = English;
			hasScannedForEncodings = 0;
			knownRegions = (
				en,
				Base,
			);
			mainGroup = 2240474C1EAE3A810054B74D;
			productRefGroup = 224047561EAE3A820054B74D /* Products */;
			projectDirPath = "";
			projectRoot = "";
			targets = (
				224047541EAE3A810054B74D /* fitchain */,
				224047681EAE3A820054B74D /* fitchainTests */,
			);
		};
/* End PBXProject section */

/* Begin PBXResourcesBuildPhase section */
		224047531EAE3A810054B74D /* Resources */ = {
			isa = PBXResourcesBuildPhase;
			buildActionMask = 2147483647;
			files = (
				224047631EAE3A820054B74D /* LaunchScreen.storyboard in Resources */,
				224047601EAE3A820054B74D /* Assets.xcassets in Resources */,
				2240475E1EAE3A820054B74D /* Main.storyboard in Resources */,
			);
			runOnlyForDeploymentPostprocessing = 0;
		};
		224047671EAE3A820054B74D /* Resources */ = {
			isa = PBXResourcesBuildPhase;
			buildActionMask = 2147483647;
			files = (
			);
			runOnlyForDeploymentPostprocessing = 0;
		};
/* End PBXResourcesBuildPhase section */

/* Begin PBXSourcesBuildPhase section */
		224047511EAE3A810054B74D /* Sources */ = {
			isa = PBXSourcesBuildPhase;
			buildActionMask = 2147483647;
			files = (
				2240475B1EAE3A820054B74D /* ViewController.swift in Sources */,
				224047591EAE3A820054B74D /* AppDelegate.swift in Sources */,
			);
			runOnlyForDeploymentPostprocessing = 0;
		};
		224047651EAE3A820054B74D /* Sources */ = {
			isa = PBXSourcesBuildPhase;
			buildActionMask = 2147483647;
			files = (
				2240476E1EAE3A820054B74D /* fitchainTests.swift in Sources */,
			);
			runOnlyForDeploymentPostprocessing = 0;
		};
/* End PBXSourcesBuildPhase section */

/* Begin PBXTargetDependency section */
		2240476B1EAE3A820054B74D /* PBXTargetDependency */ = {
			isa = PBXTargetDependency;
			target = 224047541EAE3A810054B74D /* fitchain */;
			targetProxy = 2240476A1EAE3A820054B74D /* PBXContainerItemProxy */;
		};
/* End PBXTargetDependency section */

/* Begin PBXVariantGroup section */
		2240475C1EAE3A820054B74D /* Main.storyboard */ = {
			isa = PBXVariantGroup;
			children = (
				2240475D1EAE3A820054B74D /* Base */,
			);
			name = Main.storyboard;
			sourceTree = "<group>";
		};
		224047611EAE3A820054B74D /* LaunchScreen.storyboard */ = {
			isa = PBXVariantGroup;
			children = (
				224047621EAE3A820054B74D /* Base */,
			);
			name = LaunchScreen.storyboard;
			sourceTree = "<group>";
		};
/* End PBXVariantGroup section */

/* Begin XCBuildConfiguration section */
		224047701EAE3A820054B74D /* Debug */ = {
			isa = XCBuildConfiguration;
			buildSettings = {
				ALWAYS_SEARCH_USER_PATHS = NO;
				CLANG_ANALYZER_NONNULL = YES;
				CLANG_ANALYZER_NUMBER_OBJECT_CONVERSION = YES_AGGRESSIVE;
				CLANG_CXX_LANGUAGE_STANDARD = "gnu++0x";
				CLANG_CXX_LIBRARY = "libc++";
				CLANG_ENABLE_MODULES = YES;
				CLANG_ENABLE_OBJC_ARC = YES;
				CLANG_WARN_BOOL_CONVERSION = YES;
				CLANG_WARN_CONSTANT_CONVERSION = YES;
				CLANG_WARN_DIRECT_OBJC_ISA_USAGE = YES_ERROR;
				CLANG_WARN_DOCUMENTATION_COMMENTS = YES;
				CLANG_WARN_EMPTY_BODY = YES;
				CLANG_WARN_ENUM_CONVERSION = YES;
				CLANG_WARN_INFINITE_RECURSION = YES;
				CLANG_WARN_INT_CONVERSION = YES;
				CLANG_WARN_OBJC_ROOT_CLASS = YES_ERROR;
				CLANG_WARN_SUSPICIOUS_MOVE = YES;
				CLANG_WARN_UNREACHABLE_CODE = YES;
				CLANG_WARN__DUPLICATE_METHOD_MATCH = YES;
				"CODE_SIGN_IDENTITY[sdk=iphoneos*]" = "iPhone Developer";
				COPY_PHASE_STRIP = NO;
				DEBUG_INFORMATION_FORMAT = dwarf;
				ENABLE_STRICT_OBJC_MSGSEND = YES;
				ENABLE_TESTABILITY = YES;
				GCC_C_LANGUAGE_STANDARD = gnu99;
				GCC_DYNAMIC_NO_PIC = NO;
				GCC_NO_COMMON_BLOCKS = YES;
				GCC_OPTIMIZATION_LEVEL = 0;
				GCC_PREPROCESSOR_DEFINITIONS = (
					"DEBUG=1",
					"$(inherited)",
				);
				GCC_WARN_64_TO_32_BIT_CONVERSION = YES;
				GCC_WARN_ABOUT_RETURN_TYPE = YES_ERROR;
				GCC_WARN_UNDECLARED_SELECTOR = YES;
				GCC_WARN_UNINITIALIZED_AUTOS = YES_AGGRESSIVE;
				GCC_WARN_UNUSED_FUNCTION = YES;
				GCC_WARN_UNUSED_VARIABLE = YES;
				IPHONEOS_DEPLOYMENT_TARGET = 10.3;
				MTL_ENABLE_DEBUG_INFO = YES;
				ONLY_ACTIVE_ARCH = YES;
				SDKROOT = iphoneos;
				SWIFT_ACTIVE_COMPILATION_CONDITIONS = DEBUG;
				SWIFT_OPTIMIZATION_LEVEL = "-Onone";
			};
			name = Debug;
		};
		224047711EAE3A820054B74D /* Release */ = {
			isa = XCBuildConfiguration;
			buildSettings = {
				ALWAYS_SEARCH_USER_PATHS = NO;
				CLANG_ANALYZER_NONNULL = YES;
				CLANG_ANALYZER_NUMBER_OBJECT_CONVERSION = YES_AGGRESSIVE;
				CLANG_CXX_LANGUAGE_STANDARD = "gnu++0x";
				CLANG_CXX_LIBRARY = "libc++";
				CLANG_ENABLE_MODULES = YES;
				CLANG_ENABLE_OBJC_ARC = YES;
				CLANG_WARN_BOOL_CONVERSION = YES;
				CLANG_WARN_CONSTANT_CONVERSION = YES;
				CLANG_WARN_DIRECT_OBJC_ISA_USAGE = YES_ERROR;
				CLANG_WARN_DOCUMENTATION_COMMENTS = YES;
				CLANG_WARN_EMPTY_BODY = YES;
				CLANG_WARN_ENUM_CONVERSION = YES;
				CLANG_WARN_INFINITE_RECURSION = YES;
				CLANG_WARN_INT_CONVERSION = YES;
				CLANG_WARN_OBJC_ROOT_CLASS = YES_ERROR;
				CLANG_WARN_SUSPICIOUS_MOVE = YES;
				CLANG_WARN_UNREACHABLE_CODE = YES;
				CLANG_WARN__DUPLICATE_METHOD_MATCH = YES;
				"CODE_SIGN_IDENTITY[sdk=iphoneos*]" = "iPhone Developer";
				COPY_PHASE_STRIP = NO;
				DEBUG_INFORMATION_FORMAT = "dwarf-with-dsym";
				ENABLE_NS_ASSERTIONS = NO;
				ENABLE_STRICT_OBJC_MSGSEND = YES;
				GCC_C_LANGUAGE_STANDARD = gnu99;
				GCC_NO_COMMON_BLOCKS = YES;
				GCC_WARN_64_TO_32_BIT_CONVERSION = YES;
				GCC_WARN_ABOUT_RETURN_TYPE = YES_ERROR;
				GCC_WARN_UNDECLARED_SELECTOR = YES;
				GCC_WARN_UNINITIALIZED_AUTOS = YES_AGGRESSIVE;
				GCC_WARN_UNUSED_FUNCTION = YES;
				GCC_WARN_UNUSED_VARIABLE = YES;
				IPHONEOS_DEPLOYMENT_TARGET = 10.3;
				MTL_ENABLE_DEBUG_INFO = NO;
				SDKROOT = iphoneos;
				SWIFT_OPTIMIZATION_LEVEL = "-Owholemodule";
				VALIDATE_PRODUCT = YES;
			};
			name = Release;
		};
		224047731EAE3A820054B74D /* Debug */ = {
			isa = XCBuildConfiguration;
			buildSettings = {
				ASSETCATALOG_COMPILER_APPICON_NAME = AppIcon;
				INFOPLIST_FILE = fitchain/Info.plist;
				LD_RUNPATH_SEARCH_PATHS = "$(inherited) @executable_path/Frameworks";
				PRODUCT_BUNDLE_IDENTIFIER = org.cloudplatform.com.fitchain;
				PRODUCT_NAME = "$(TARGET_NAME)";
				SWIFT_VERSION = 3.0;
			};
			name = Debug;
		};
		224047741EAE3A820054B74D /* Release */ = {
			isa = XCBuildConfiguration;
			buildSettings = {
				ASSETCATALOG_COMPILER_APPICON_NAME = AppIcon;
				INFOPLIST_FILE = fitchain/Info.plist;
				LD_RUNPATH_SEARCH_PATHS = "$(inherited) @executable_path/Frameworks";
				PRODUCT_BUNDLE_IDENTIFIER = org.cloudplatform.com.fitchain;
				PRODUCT_NAME = "$(TARGET_NAME)";
				SWIFT_VERSION = 3.0;
			};
			name = Release;
		};
		224047761EAE3A820054B74D /* Debug */ = {
			isa = XCBuildConfiguration;
			buildSettings = {
				ALWAYS_EMBED_SWIFT_STANDARD_LIBRARIES = YES;
				BUNDLE_LOADER = "$(TEST_HOST)";
				INFOPLIST_FILE = fitchainTests/Info.plist;
				LD_RUNPATH_SEARCH_PATHS = "$(inherited) @executable_path/Frameworks @loader_path/Frameworks";
				PRODUCT_BUNDLE_IDENTIFIER = org.cloudplatform.com.fitchainTests;
				PRODUCT_NAME = "$(TARGET_NAME)";
				SWIFT_VERSION = 3.0;
				TEST_HOST = "$(BUILT_PRODUCTS_DIR)/fitchain.app/fitchain";
			};
			name = Debug;
		};
		224047771EAE3A820054B74D /* Release */ = {
			isa = XCBuildConfiguration;
			buildSettings = {
				ALWAYS_EMBED_SWIFT_STANDARD_LIBRARIES = YES;
				BUNDLE_LOADER = "$(TEST_HOST)";
				INFOPLIST_FILE = fitchainTests/Info.plist;
				LD_RUNPATH_SEARCH_PATHS = "$(inherited) @executable_path/Frameworks @loader_path/Frameworks";
				PRODUCT_BUNDLE_IDENTIFIER = org.cloudplatform.com.fitchainTests;
				PRODUCT_NAME = "$(TARGET_NAME)";
				SWIFT_VERSION = 3.0;
				TEST_HOST = "$(BUILT_PRODUCTS_DIR)/fitchain.app/fitchain";
			};
			name = Release;
		};
/* End XCBuildConfiguration section */

/* Begin XCConfigurationList section */
		224047501EAE3A810054B74D /* Build configuration list for PBXProject "fitchain" */ = {
			isa = XCConfigurationList;
			buildConfigurations = (
				224047701EAE3A820054B74D /* Debug */,
				224047711EAE3A820054B74D /* Release */,
			);
			defaultConfigurationIsVisible = 0;
			defaultConfigurationName = Release;
		};
		224047721EAE3A820054B74D /* Build configuration list for PBXNativeTarget "fitchain" */ = {
			isa = XCConfigurationList;
			buildConfigurations = (
				224047731EAE3A820054B74D /* Debug */,
				224047741EAE3A820054B74D /* Release */,
			);
			defaultConfigurationIsVisible = 0;
		};
		224047751EAE3A820054B74D /* Build configuration list for PBXNativeTarget "fitchainTests" */ = {
			isa = XCConfigurationList;
			buildConfigurations = (
				224047761EAE3A820054B74D /* Debug */,
				224047771EAE3A820054B74D /* Release */,
			);
			defaultConfigurationIsVisible = 0;
		};
/* End XCConfigurationList section */
	};
	rootObject = 2240474D1EAE3A810054B74D /* Project object */;
}
